
Microsoft Visual Studio Solution File, Format Version 12.00
# Visual Studio Version 17
VisualStudioVersion = 17.3.32901.215
MinimumVisualStudioVersion = 10.0.40219.1
Project("{2150E333-8FDC-42A3-9474-1A3956D46DE8}") = "1. Infrastructure", "1. Infrastructure", "{FD09381B-E7B2-4CC6-B274-0DEF9916C852}"
EndProject
Project("{2150E333-8FDC-42A3-9474-1A3956D46DE8}") = "2. Core", "2. Core", "{89E16256-D5B8-407A-89BF-26A3895911BD}"
EndProject
Project("{2150E333-8FDC-42A3-9474-1A3956D46DE8}") = "3. Web", "3. Web", "{EA069E5D-9FDB-4CAC-B4FE-6C5352BFAE94}"
EndProject
Project("{2150E333-8FDC-42A3-9474-1A3956D46DE8}") = "2. Client", "2. Client", "{F32F208A-1081-451B-A255-A69DFB1AEAE7}"
EndProject
Project("{2150E333-8FDC-42A3-9474-1A3956D46DE8}") = "1. Server (Backend)", "1. Server (Backend)", "{36D81AF5-91DF-474F-9FB7-A387D70487F6}"
EndProject
Project("{9A19103F-16F7-4668-BE54-9A1E7A4F7556}") = "WebApp", "WebApp\WebApp.csproj", "{B9A3B0CB-FC8A-4F30-BB53-0C80A226415B}"
EndProject
Project("{9A19103F-16F7-4668-BE54-9A1E7A4F7556}") = "WebApi", "WebApi\WebApi.csproj", "{97A42EDF-24AE-4301-813F-1FAE00ED46FF}"
EndProject
Project("{9A19103F-16F7-4668-BE54-9A1E7A4F7556}") = "Application", "Application\Application.csproj", "{749D1A5E-F347-4AB9-80E2-F16A54B080BD}"
EndProject
Project("{9A19103F-16F7-4668-BE54-9A1E7A4F7556}") = "Data", "Data\Data.csproj", "{2A630C70-020B-4618-B63B-5275B91EC814}"
EndProject
Project("{9A19103F-16F7-4668-BE54-9A1E7A4F7556}") = "Utilities", "Utilities\Utilities.csproj", "{3A55679E-C78C-4472-8EEB-7931617CCC1F}"
EndProject
Project("{9A19103F-16F7-4668-BE54-9A1E7A4F7556}") = "ViewModels", "ViewModels\ViewModels.csproj", "{AE88B1FD-D647-4805-A629-0C067D8CE902}"
EndProject
Global
	GlobalSection(SolutionConfigurationPlatforms) = preSolution
		Debug|Any CPU = Debug|Any CPU
		Release|Any CPU = Release|Any CPU
	EndGlobalSection
	GlobalSection(ProjectConfigurationPlatforms) = postSolution
		{B9A3B0CB-FC8A-4F30-BB53-0C80A226415B}.Debug|Any CPU.ActiveCfg = Debug|Any CPU
		{B9A3B0CB-FC8A-4F30-BB53-0C80A226415B}.Debug|Any CPU.Build.0 = Debug|Any CPU
		{B9A3B0CB-FC8A-4F30-BB53-0C80A226415B}.Release|Any CPU.ActiveCfg = Release|Any CPU
		{B9A3B0CB-FC8A-4F30-BB53-0C80A226415B}.Release|Any CPU.Build.0 = Release|Any CPU
		{97A42EDF-24AE-4301-813F-1FAE00ED46FF}.Debug|Any CPU.ActiveCfg = Debug|Any CPU
		{97A42EDF-24AE-4301-813F-1FAE00ED46FF}.Debug|Any CPU.Build.0 = Debug|Any CPU
		{97A42EDF-24AE-4301-813F-1FAE00ED46FF}.Release|Any CPU.ActiveCfg = Release|Any CPU
		{97A42EDF-24AE-4301-813F-1FAE00ED46FF}.Release|Any CPU.Build.0 = Release|Any CPU
		{749D1A5E-F347-4AB9-80E2-F16A54B080BD}.Debug|Any CPU.ActiveCfg = Debug|Any CPU
		{749D1A5E-F347-4AB9-80E2-F16A54B080BD}.Debug|Any CPU.Build.0 = Debug|Any CPU
		{749D1A5E-F347-4AB9-80E2-F16A54B080BD}.Release|Any CPU.ActiveCfg = Release|Any CPU
		{749D1A5E-F347-4AB9-80E2-F16A54B080BD}.Release|Any CPU.Build.0 = Release|Any CPU
		{2A630C70-020B-4618-B63B-5275B91EC814}.Debug|Any CPU.ActiveCfg = Debug|Any CPU
		{2A630C70-020B-4618-B63B-5275B91EC814}.Debug|Any CPU.Build.0 = Debug|Any CPU
		{2A630C70-020B-4618-B63B-5275B91EC814}.Release|Any CPU.ActiveCfg = Release|Any CPU
		{2A630C70-020B-4618-B63B-5275B91EC814}.Release|Any CPU.Build.0 = Release|Any CPU
		{3A55679E-C78C-4472-8EEB-7931617CCC1F}.Debug|Any CPU.ActiveCfg = Debug|Any CPU
		{3A55679E-C78C-4472-8EEB-7931617CCC1F}.Debug|Any CPU.Build.0 = Debug|Any CPU
		{3A55679E-C78C-4472-8EEB-7931617CCC1F}.Release|Any CPU.ActiveCfg = Release|Any CPU
		{3A55679E-C78C-4472-8EEB-7931617CCC1F}.Release|Any CPU.Build.0 = Release|Any CPU
		{AE88B1FD-D647-4805-A629-0C067D8CE902}.Debug|Any CPU.ActiveCfg = Debug|Any CPU
		{AE88B1FD-D647-4805-A629-0C067D8CE902}.Debug|Any CPU.Build.0 = Debug|Any CPU
		{AE88B1FD-D647-4805-A629-0C067D8CE902}.Release|Any CPU.ActiveCfg = Release|Any CPU
		{AE88B1FD-D647-4805-A629-0C067D8CE902}.Release|Any CPU.Build.0 = Release|Any CPU
	EndGlobalSection
	GlobalSection(SolutionProperties) = preSolution
		HideSolutionNode = FALSE
	EndGlobalSection
	GlobalSection(NestedProjects) = preSolution
		{F32F208A-1081-451B-A255-A69DFB1AEAE7} = {EA069E5D-9FDB-4CAC-B4FE-6C5352BFAE94}
		{36D81AF5-91DF-474F-9FB7-A387D70487F6} = {EA069E5D-9FDB-4CAC-B4FE-6C5352BFAE94}
		{B9A3B0CB-FC8A-4F30-BB53-0C80A226415B} = {F32F208A-1081-451B-A255-A69DFB1AEAE7}
		{97A42EDF-24AE-4301-813F-1FAE00ED46FF} = {36D81AF5-91DF-474F-9FB7-A387D70487F6}
		{749D1A5E-F347-4AB9-80E2-F16A54B080BD} = {89E16256-D5B8-407A-89BF-26A3895911BD}
		{2A630C70-020B-4618-B63B-5275B91EC814} = {89E16256-D5B8-407A-89BF-26A3895911BD}
		{3A55679E-C78C-4472-8EEB-7931617CCC1F} = {FD09381B-E7B2-4CC6-B274-0DEF9916C852}
		{AE88B1FD-D647-4805-A629-0C067D8CE902} = {FD09381B-E7B2-4CC6-B274-0DEF9916C852}
	EndGlobalSection
	GlobalSection(ExtensibilityGlobals) = postSolution
		SolutionGuid = {9E86EE83-EDD1-4575-BA43-5EBE7EDA8A55}
	EndGlobalSection
EndGlobal
